
Microsoft Visual Studio Solution File, Format Version 12.00
# Visual Studio 15
VisualStudioVersion = 15.0.27428.2002
MinimumVisualStudioVersion = 10.0.40219.1
Project("{9A19103F-16F7-4668-BE54-9A1E7A4F7556}") = "WebApplication1", "WebApplication1\WebApplication1.csproj", "{DA6410F4-2E21-49CD-A878-166C16F2FCA9}"
EndProject
Global
	GlobalSection(SolutionConfigurationPlatforms) = preSolution
		Debug|Any CPU = Debug|Any CPU
		Release|Any CPU = Release|Any CPU
	EndGlobalSection
	GlobalSection(ProjectConfigurationPlatforms) = postSolution
		{DA6410F4-2E21-49CD-A878-166C16F2FCA9}.Debug|Any CPU.ActiveCfg = Debug|Any CPU
		{DA6410F4-2E21-49CD-A878-166C16F2FCA9}.Debug|Any CPU.Build.0 = Debug|Any CPU
		{DA6410F4-2E21-49CD-A878-166C16F2FCA9}.Release|Any CPU.ActiveCfg = Release|Any CPU
		{DA6410F4-2E21-49CD-A878-166C16F2FCA9}.Release|Any CPU.Build.0 = Release|Any CPU
	EndGlobalSection
	GlobalSection(SolutionProperties) = preSolution
		HideSolutionNode = FALSE
	EndGlobalSection
	GlobalSection(ExtensibilityGlobals) = postSolution
		SolutionGuid = {E8D4F165-47D7-4211-B4FC-0FAA3E7088A4}
	EndGlobalSection
EndGlobal
